
Microsoft Visual Studio Solution File, Format Version 12.00
# Visual Studio 15
VisualStudioVersion = 15.0.28010.2026
MinimumVisualStudioVersion = 10.0.40219.1
Project("{E24C65DC-7377-472B-9ABA-BC803B73C61A}") = "js-DrawAPoint2", "js-DrawAPoint2\", "{882AFCED-857A-43DB-B004-D35F8E9A1FA2}"
	ProjectSection(WebsiteProperties) = preProject
		TargetFrameworkMoniker = ".NETFramework,Version%3Dv4.6.1"
		Debug.AspNetCompiler.VirtualPath = "/localhost_56593"
		Debug.AspNetCompiler.PhysicalPath = "js-DrawAPoint2\"
		Debug.AspNetCompiler.TargetPath = "PrecompiledWeb\localhost_56593\"
		Debug.AspNetCompiler.Updateable = "true"
		Debug.AspNetCompiler.ForceOverwrite = "true"
		Debug.AspNetCompiler.FixedNames = "false"
		Debug.AspNetCompiler.Debug = "True"
		Release.AspNetCompiler.VirtualPath = "/localhost_56593"
		Release.AspNetCompiler.PhysicalPath = "js-DrawAPoint2\"
		Release.AspNetCompiler.TargetPath = "PrecompiledWeb\localhost_56593\"
		Release.AspNetCompiler.Updateable = "true"
		Release.AspNetCompiler.ForceOverwrite = "true"
		Release.AspNetCompiler.FixedNames = "false"
		Release.AspNetCompiler.Debug = "False"
		VWDPort = "56593"
		SlnRelativePath = "js-DrawAPoint2\"
		DefaultWebSiteLanguage = "Visual C#"
	EndProjectSection
EndProject
Global
	GlobalSection(SolutionConfigurationPlatforms) = preSolution
		Debug|Any CPU = Debug|Any CPU
	EndGlobalSection
	GlobalSection(ProjectConfigurationPlatforms) = postSolution
		{882AFCED-857A-43DB-B004-D35F8E9A1FA2}.Debug|Any CPU.ActiveCfg = Debug|Any CPU
		{882AFCED-857A-43DB-B004-D35F8E9A1FA2}.Debug|Any CPU.Build.0 = Debug|Any CPU
	EndGlobalSection
	GlobalSection(SolutionProperties) = preSolution
		HideSolutionNode = FALSE
	EndGlobalSection
	GlobalSection(ExtensibilityGlobals) = postSolution
		SolutionGuid = {E25FA093-5C01-474E-B381-33A7533F7236}
	EndGlobalSection
EndGlobal
